
Microsoft Visual Studio Solution File, Format Version 12.00
# Visual Studio Version 16
VisualStudioVersion = 16.0.31515.178
MinimumVisualStudioVersion = 10.0.40219.1
Project("{9A19103F-16F7-4668-BE54-9A1E7A4F7556}") = "Usabit.Framework.Message", "Usabit.Framework.Message\Usabit.Framework.Message.csproj", "{BF41889A-5424-4E5D-97DB-5941B2CB551D}"
EndProject
Project("{9A19103F-16F7-4668-BE54-9A1E7A4F7556}") = "Usabit.Framework.Data", "Usabit.Framework.Data\Usabit.Framework.Data.csproj", "{66890D8F-EA56-4995-A231-47EE565E76E8}"
EndProject
Project("{9A19103F-16F7-4668-BE54-9A1E7A4F7556}") = "Usabit.Framework.Filter", "Usabit.Framework.Filter\Usabit.Framework.Filter.csproj", "{950AFBAE-5256-426A-A601-2DBACD94254A}"
EndProject
Project("{9A19103F-16F7-4668-BE54-9A1E7A4F7556}") = "Usabit.Framework.Seedworks", "Usabit.Framework.Seedworks\Usabit.Framework.Seedworks.csproj", "{5EE70F93-87AC-48AA-B9F1-8E784DA859F5}"
EndProject
Project("{FAE04EC0-301F-11D3-BF4B-00C04F79EFBC}") = "Usabit.Framework.AWS", "Usabit.Framework.AWS\Usabit.Framework.AWS.csproj", "{FABA56A0-6474-4670-9425-788CD6726899}"
EndProject
Global
	GlobalSection(SolutionConfigurationPlatforms) = preSolution
		Debug|Any CPU = Debug|Any CPU
		Release|Any CPU = Release|Any CPU
	EndGlobalSection
	GlobalSection(ProjectConfigurationPlatforms) = postSolution
		{BF41889A-5424-4E5D-97DB-5941B2CB551D}.Debug|Any CPU.ActiveCfg = Debug|Any CPU
		{BF41889A-5424-4E5D-97DB-5941B2CB551D}.Debug|Any CPU.Build.0 = Debug|Any CPU
		{BF41889A-5424-4E5D-97DB-5941B2CB551D}.Release|Any CPU.ActiveCfg = Release|Any CPU
		{BF41889A-5424-4E5D-97DB-5941B2CB551D}.Release|Any CPU.Build.0 = Release|Any CPU
		{66890D8F-EA56-4995-A231-47EE565E76E8}.Debug|Any CPU.ActiveCfg = Debug|Any CPU
		{66890D8F-EA56-4995-A231-47EE565E76E8}.Debug|Any CPU.Build.0 = Debug|Any CPU
		{66890D8F-EA56-4995-A231-47EE565E76E8}.Release|Any CPU.ActiveCfg = Release|Any CPU
		{66890D8F-EA56-4995-A231-47EE565E76E8}.Release|Any CPU.Build.0 = Release|Any CPU
		{950AFBAE-5256-426A-A601-2DBACD94254A}.Debug|Any CPU.ActiveCfg = Debug|Any CPU
		{950AFBAE-5256-426A-A601-2DBACD94254A}.Debug|Any CPU.Build.0 = Debug|Any CPU
		{950AFBAE-5256-426A-A601-2DBACD94254A}.Release|Any CPU.ActiveCfg = Release|Any CPU
		{950AFBAE-5256-426A-A601-2DBACD94254A}.Release|Any CPU.Build.0 = Release|Any CPU
		{5EE70F93-87AC-48AA-B9F1-8E784DA859F5}.Debug|Any CPU.ActiveCfg = Debug|Any CPU
		{5EE70F93-87AC-48AA-B9F1-8E784DA859F5}.Debug|Any CPU.Build.0 = Debug|Any CPU
		{5EE70F93-87AC-48AA-B9F1-8E784DA859F5}.Release|Any CPU.ActiveCfg = Release|Any CPU
		{5EE70F93-87AC-48AA-B9F1-8E784DA859F5}.Release|Any CPU.Build.0 = Release|Any CPU
		{FABA56A0-6474-4670-9425-788CD6726899}.Debug|Any CPU.ActiveCfg = Debug|Any CPU
		{FABA56A0-6474-4670-9425-788CD6726899}.Debug|Any CPU.Build.0 = Debug|Any CPU
		{FABA56A0-6474-4670-9425-788CD6726899}.Release|Any CPU.ActiveCfg = Release|Any CPU
		{FABA56A0-6474-4670-9425-788CD6726899}.Release|Any CPU.Build.0 = Release|Any CPU
	EndGlobalSection
	GlobalSection(SolutionProperties) = preSolution
		HideSolutionNode = FALSE
	EndGlobalSection
	GlobalSection(ExtensibilityGlobals) = postSolution
		SolutionGuid = {2AAF0D47-CABB-4259-B07E-120BD8748F8F}
	EndGlobalSection
EndGlobal
